
Microsoft Visual Studio Solution File, Format Version 12.00
# Visual Studio 14
VisualStudioVersion = 14.0.23107.0
MinimumVisualStudioVersion = 10.0.40219.1
Project("{FAE04EC0-301F-11D3-BF4B-00C04F79EFBC}") = "TerminalControl", "TerminalControl\TerminalControl.csproj", "{EAB37F50-B2E0-4EA3-B4D0-DF6B8173D859}"
EndProject
Project("{FAE04EC0-301F-11D3-BF4B-00C04F79EFBC}") = "TestingControl", "TestingControl\TestingControl.csproj", "{4010FC36-9BFE-4633-B0BE-FC68BAF08911}"
EndProject
Global
	GlobalSection(SolutionConfigurationPlatforms) = preSolution
		Debug|Any CPU = Debug|Any CPU
		Release|Any CPU = Release|Any CPU
	EndGlobalSection
	GlobalSection(ProjectConfigurationPlatforms) = postSolution
		{EAB37F50-B2E0-4EA3-B4D0-DF6B8173D859}.Debug|Any CPU.ActiveCfg = Debug|Any CPU
		{EAB37F50-B2E0-4EA3-B4D0-DF6B8173D859}.Debug|Any CPU.Build.0 = Debug|Any CPU
		{EAB37F50-B2E0-4EA3-B4D0-DF6B8173D859}.Release|Any CPU.ActiveCfg = Release|Any CPU
		{EAB37F50-B2E0-4EA3-B4D0-DF6B8173D859}.Release|Any CPU.Build.0 = Release|Any CPU
		{4010FC36-9BFE-4633-B0BE-FC68BAF08911}.Debug|Any CPU.ActiveCfg = Debug|Any CPU
		{4010FC36-9BFE-4633-B0BE-FC68BAF08911}.Debug|Any CPU.Build.0 = Debug|Any CPU
		{4010FC36-9BFE-4633-B0BE-FC68BAF08911}.Release|Any CPU.ActiveCfg = Release|Any CPU
		{4010FC36-9BFE-4633-B0BE-FC68BAF08911}.Release|Any CPU.Build.0 = Release|Any CPU
	EndGlobalSection
	GlobalSection(SolutionProperties) = preSolution
		HideSolutionNode = FALSE
	EndGlobalSection
EndGlobal
